
Microsoft Visual Studio Solution File, Format Version 12.00
# Visual Studio Version 17
VisualStudioVersion = 17.9.34622.214
MinimumVisualStudioVersion = 10.0.40219.1
Project("{FAE04EC0-301F-11D3-BF4B-00C04F79EFBC}") = "BeFaster.Runner", "src\BeFaster.Runner\BeFaster.Runner.csproj", "{41D40296-2DAB-423A-84B3-13E656C58B5A}"
EndProject
Project("{FAE04EC0-301F-11D3-BF4B-00C04F79EFBC}") = "BeFaster.App", "src\BeFaster.App\BeFaster.App.csproj", "{A791C7CB-2ABF-40A0-8D3B-93AA58C97AE5}"
EndProject
Project("{9A19103F-16F7-4668-BE54-9A1E7A4F7556}") = "BeFaster.App.Tests", "src\BeFaster.App.Tests\BeFaster.App.Tests.csproj", "{264420B5-F93C-4C92-90CB-F3059B4B3ED8}"
EndProject
Global
	GlobalSection(SolutionConfigurationPlatforms) = preSolution
		Debug|Any CPU = Debug|Any CPU
		Debug|x86 = Debug|x86
		Release|Any CPU = Release|Any CPU
		Release|x86 = Release|x86
	EndGlobalSection
	GlobalSection(ProjectConfigurationPlatforms) = postSolution
		{41D40296-2DAB-423A-84B3-13E656C58B5A}.Debug|Any CPU.ActiveCfg = Debug|Any CPU
		{41D40296-2DAB-423A-84B3-13E656C58B5A}.Debug|Any CPU.Build.0 = Debug|Any CPU
		{41D40296-2DAB-423A-84B3-13E656C58B5A}.Debug|x86.ActiveCfg = Debug|x86
		{41D40296-2DAB-423A-84B3-13E656C58B5A}.Debug|x86.Build.0 = Debug|x86
		{41D40296-2DAB-423A-84B3-13E656C58B5A}.Release|Any CPU.ActiveCfg = Release|Any CPU
		{41D40296-2DAB-423A-84B3-13E656C58B5A}.Release|Any CPU.Build.0 = Release|Any CPU
		{41D40296-2DAB-423A-84B3-13E656C58B5A}.Release|x86.ActiveCfg = Release|x86
		{41D40296-2DAB-423A-84B3-13E656C58B5A}.Release|x86.Build.0 = Release|x86
		{A791C7CB-2ABF-40A0-8D3B-93AA58C97AE5}.Debug|Any CPU.ActiveCfg = Debug|Any CPU
		{A791C7CB-2ABF-40A0-8D3B-93AA58C97AE5}.Debug|Any CPU.Build.0 = Debug|Any CPU
		{A791C7CB-2ABF-40A0-8D3B-93AA58C97AE5}.Debug|x86.ActiveCfg = Debug|x86
		{A791C7CB-2ABF-40A0-8D3B-93AA58C97AE5}.Debug|x86.Build.0 = Debug|x86
		{A791C7CB-2ABF-40A0-8D3B-93AA58C97AE5}.Release|Any CPU.ActiveCfg = Release|Any CPU
		{A791C7CB-2ABF-40A0-8D3B-93AA58C97AE5}.Release|Any CPU.Build.0 = Release|Any CPU
		{A791C7CB-2ABF-40A0-8D3B-93AA58C97AE5}.Release|x86.ActiveCfg = Release|x86
		{A791C7CB-2ABF-40A0-8D3B-93AA58C97AE5}.Release|x86.Build.0 = Release|x86
		{264420B5-F93C-4C92-90CB-F3059B4B3ED8}.Debug|Any CPU.ActiveCfg = Debug|Any CPU
		{264420B5-F93C-4C92-90CB-F3059B4B3ED8}.Debug|Any CPU.Build.0 = Debug|Any CPU
		{264420B5-F93C-4C92-90CB-F3059B4B3ED8}.Debug|x86.ActiveCfg = Debug|x86
		{264420B5-F93C-4C92-90CB-F3059B4B3ED8}.Debug|x86.Build.0 = Debug|x86
		{264420B5-F93C-4C92-90CB-F3059B4B3ED8}.Release|Any CPU.ActiveCfg = Release|Any CPU
		{264420B5-F93C-4C92-90CB-F3059B4B3ED8}.Release|Any CPU.Build.0 = Release|Any CPU
		{264420B5-F93C-4C92-90CB-F3059B4B3ED8}.Release|x86.ActiveCfg = Release|x86
		{264420B5-F93C-4C92-90CB-F3059B4B3ED8}.Release|x86.Build.0 = Release|x86
	EndGlobalSection
	GlobalSection(SolutionProperties) = preSolution
		HideSolutionNode = FALSE
	EndGlobalSection
	GlobalSection(ExtensibilityGlobals) = postSolution
		SolutionGuid = {502B552F-0111-41BF-9E92-96ABC31DB0EB}
	EndGlobalSection
EndGlobal
